
Microsoft Visual Studio Solution File, Format Version 12.00
# Visual Studio Version 16
VisualStudioVersion = 16.0.31321.278
MinimumVisualStudioVersion = 10.0.40219.1
Project("{2150E333-8FDC-42A3-9474-1A3956D46DE8}") = "1.UserInterface", "1.UserInterface", "{CA260BA4-ADE3-46CA-A868-2037CF45E860}"
EndProject
Project("{2150E333-8FDC-42A3-9474-1A3956D46DE8}") = "2.Business", "2.Business", "{F7119FC6-E8AD-4B12-8231-00F988DBBC9A}"
EndProject
Project("{2150E333-8FDC-42A3-9474-1A3956D46DE8}") = "3.Domain", "3.Domain", "{7D02D500-526A-4172-A867-966002DEF25B}"
EndProject
Project("{2150E333-8FDC-42A3-9474-1A3956D46DE8}") = "4.Infraestructure", "4.Infraestructure", "{1E4F6D87-3458-4FDF-8F4B-70034ED616D1}"
EndProject
Project("{2150E333-8FDC-42A3-9474-1A3956D46DE8}") = "5.Core", "5.Core", "{6F3271F3-C5EF-4592-B706-77622DA23D7C}"
EndProject
Project("{2150E333-8FDC-42A3-9474-1A3956D46DE8}") = "Infra.DataAccess", "Infra.DataAccess", "{AADBDD1E-AB08-4850-9375-37FEEEC0BBC1}"
EndProject
Project("{9A19103F-16F7-4668-BE54-9A1E7A4F7556}") = "Domain.Model", "Domain.Model\Domain.Model.csproj", "{5AD6F612-7BC8-414E-A39B-1FB483FE7B2E}"
EndProject
Project("{9A19103F-16F7-4668-BE54-9A1E7A4F7556}") = "Domain.Dto", "Domain.Dto\Domain.Dto.csproj", "{B1A67807-066C-4CBC-A9CD-93668E7EF278}"
EndProject
Project("{9A19103F-16F7-4668-BE54-9A1E7A4F7556}") = "Infra.DataAccess.Files", "Infra.DataAccess.Files\Infra.DataAccess.Files.csproj", "{72AE79AF-1948-4D82-92E6-7A7F185EE210}"
EndProject
Project("{2150E333-8FDC-42A3-9474-1A3956D46DE8}") = "Core.Mappers", "Core.Mappers", "{FCE527F8-44C5-420B-86EA-0B73AADBDF15}"
EndProject
Project("{2150E333-8FDC-42A3-9474-1A3956D46DE8}") = "Core.DependencyResolver", "Core.DependencyResolver", "{227A22E7-201C-4780-B27D-655052B1332E}"
EndProject
Project("{2150E333-8FDC-42A3-9474-1A3956D46DE8}") = "Core.Models", "Core.Models", "{4C7B0D4D-B9FA-4F1B-A0AB-66ACDBB21B4D}"
EndProject
Project("{9A19103F-16F7-4668-BE54-9A1E7A4F7556}") = "Core.Models.Entities", "Core.Models.Entities\Core.Models.Entities.csproj", "{BA659393-9BEC-4FD1-95A7-00E6AB85CAD8}"
EndProject
Project("{2150E333-8FDC-42A3-9474-1A3956D46DE8}") = "Core.Logs", "Core.Logs", "{0938FDC0-042B-4903-AF1D-0E03326CB58C}"
EndProject
Project("{9A19103F-16F7-4668-BE54-9A1E7A4F7556}") = "Domain.Utilities", "Domain.Utilities\Domain.Utilities.csproj", "{D8BE73F0-991F-4429-A7EF-C73F9C3E6A9B}"
EndProject
Project("{9A19103F-16F7-4668-BE54-9A1E7A4F7556}") = "Core.Dependencies.NinjectInyection", "Core.Dependencies.NinjectInyection\Core.Dependencies.NinjectInyection.csproj", "{AADBFA27-FF52-40C3-A0CB-5F3DAABBF8FD}"
EndProject
Project("{9A19103F-16F7-4668-BE54-9A1E7A4F7556}") = "Core.Mappers.ManualMapper", "Core.Mappers.ManualMapper\Core.Mappers.ManualMapper.csproj", "{498CC17F-8780-48DA-A1D8-C5D53846F121}"
EndProject
Project("{9A19103F-16F7-4668-BE54-9A1E7A4F7556}") = "Business.LibraryServicies", "Business.LibraryServicies\Business.LibraryServicies.csproj", "{AD300E6C-5E5D-4AA7-9D8D-9FFD2116D784}"
EndProject
Project("{9A19103F-16F7-4668-BE54-9A1E7A4F7556}") = "Core.Services", "Core.Services\Core.Services.csproj", "{99FA1307-967D-42DB-969F-D9080DDEE1D7}"
EndProject
Project("{FAE04EC0-301F-11D3-BF4B-00C04F79EFBC}") = "Core.DataAccess.Database", "Core.DataAccess.Database\Core.DataAccess.Database.csproj", "{B454FDEE-C811-485B-8A4A-E8C7E1EDB5E5}"
EndProject
Project("{9A19103F-16F7-4668-BE54-9A1E7A4F7556}") = "Business.AutoMapper", "Business.AutoMapper\Business.AutoMapper.csproj", "{678473A4-DCE3-4730-9E3E-429311197674}"
EndProject
Project("{FAE04EC0-301F-11D3-BF4B-00C04F79EFBC}") = "Infra.DataAccess.DataBase", "Infra.DataAccess.DataBase\Infra.DataAccess.DataBase.csproj", "{1ABF38DD-17D8-4805-A8EF-EC3837CC7F53}"
EndProject
Project("{FAE04EC0-301F-11D3-BF4B-00C04F79EFBC}") = "Infra.DataAccess.ApiRest", "Infra.DataAccess.ApiRest\Infra.DataAccess.ApiRest.csproj", "{235438D1-E1F9-4D46-8A8A-0245B596E577}"
EndProject
Project("{2150E333-8FDC-42A3-9474-1A3956D46DE8}") = "Libraries", "Libraries", "{20ED267B-6E3A-46B1-AD72-CADF042EF6FB}"
EndProject
Project("{FAE04EC0-301F-11D3-BF4B-00C04F79EFBC}") = "UI.Library.Reciclers", "UI.Library.Reciclers\UI.Library.Reciclers.csproj", "{477EC3FC-EE76-4C6A-8F54-178C3D487EBA}"
EndProject
Project("{FAE04EC0-301F-11D3-BF4B-00C04F79EFBC}") = "UI.BookStore", "UI.BookStore\UI.BookStore.csproj", "{509177D2-0CE2-4B01-A050-D0C967167D0A}"
EndProject
Project("{FAE04EC0-301F-11D3-BF4B-00C04F79EFBC}") = "UI.Library.Events", "UI.Library.Events\UI.Library.Events.csproj", "{CED55E61-B64C-4013-8C74-585E006CB6CF}"
EndProject
Project("{FAE04EC0-301F-11D3-BF4B-00C04F79EFBC}") = "Core.Validations", "Core.Validations\Core.Validations.csproj", "{C7AFCE6F-A257-491D-AD83-C7DF228B2818}"
EndProject
Project("{2150E333-8FDC-42A3-9474-1A3956D46DE8}") = "Resourses", "Resourses", "{87AEACCE-E687-45A3-91D5-789C848A50AF}"
EndProject
Project("{FAE04EC0-301F-11D3-BF4B-00C04F79EFBC}") = "Core.Resources.Directories", "Core.Resources.Directories\Core.Resources.Directories.csproj", "{475112F5-17C5-4A17-9ED1-4B186F8C3205}"
EndProject
Project("{FAE04EC0-301F-11D3-BF4B-00C04F79EFBC}") = "UI.Library.CustonControls", "UI.Library.CustonControls\UI.Library.CustonControls.csproj", "{35BBC266-B4F3-4C8E-8BCD-9C183619C8CD}"
EndProject
Project("{FAE04EC0-301F-11D3-BF4B-00C04F79EFBC}") = "Business.Validates", "Business.Validates\Business.Validates.csproj", "{D1326205-A6B7-4368-BD59-6FB5EDAFB97A}"
EndProject
Project("{FAE04EC0-301F-11D3-BF4B-00C04F79EFBC}") = "Businness.Utilities", "Businness.Utilities\Businness.Utilities.csproj", "{65C59874-D76D-4ED0-A127-F166F53E183D}"
EndProject
Global
	GlobalSection(SolutionConfigurationPlatforms) = preSolution
		Debug|Any CPU = Debug|Any CPU
		Release|Any CPU = Release|Any CPU
	EndGlobalSection
	GlobalSection(ProjectConfigurationPlatforms) = postSolution
		{5AD6F612-7BC8-414E-A39B-1FB483FE7B2E}.Debug|Any CPU.ActiveCfg = Debug|Any CPU
		{5AD6F612-7BC8-414E-A39B-1FB483FE7B2E}.Debug|Any CPU.Build.0 = Debug|Any CPU
		{5AD6F612-7BC8-414E-A39B-1FB483FE7B2E}.Release|Any CPU.ActiveCfg = Release|Any CPU
		{5AD6F612-7BC8-414E-A39B-1FB483FE7B2E}.Release|Any CPU.Build.0 = Release|Any CPU
		{B1A67807-066C-4CBC-A9CD-93668E7EF278}.Debug|Any CPU.ActiveCfg = Debug|Any CPU
		{B1A67807-066C-4CBC-A9CD-93668E7EF278}.Debug|Any CPU.Build.0 = Debug|Any CPU
		{B1A67807-066C-4CBC-A9CD-93668E7EF278}.Release|Any CPU.ActiveCfg = Release|Any CPU
		{B1A67807-066C-4CBC-A9CD-93668E7EF278}.Release|Any CPU.Build.0 = Release|Any CPU
		{72AE79AF-1948-4D82-92E6-7A7F185EE210}.Debug|Any CPU.ActiveCfg = Debug|Any CPU
		{72AE79AF-1948-4D82-92E6-7A7F185EE210}.Debug|Any CPU.Build.0 = Debug|Any CPU
		{72AE79AF-1948-4D82-92E6-7A7F185EE210}.Release|Any CPU.ActiveCfg = Release|Any CPU
		{72AE79AF-1948-4D82-92E6-7A7F185EE210}.Release|Any CPU.Build.0 = Release|Any CPU
		{BA659393-9BEC-4FD1-95A7-00E6AB85CAD8}.Debug|Any CPU.ActiveCfg = Debug|Any CPU
		{BA659393-9BEC-4FD1-95A7-00E6AB85CAD8}.Debug|Any CPU.Build.0 = Debug|Any CPU
		{BA659393-9BEC-4FD1-95A7-00E6AB85CAD8}.Release|Any CPU.ActiveCfg = Release|Any CPU
		{BA659393-9BEC-4FD1-95A7-00E6AB85CAD8}.Release|Any CPU.Build.0 = Release|Any CPU
		{D8BE73F0-991F-4429-A7EF-C73F9C3E6A9B}.Debug|Any CPU.ActiveCfg = Debug|Any CPU
		{D8BE73F0-991F-4429-A7EF-C73F9C3E6A9B}.Debug|Any CPU.Build.0 = Debug|Any CPU
		{D8BE73F0-991F-4429-A7EF-C73F9C3E6A9B}.Release|Any CPU.ActiveCfg = Release|Any CPU
		{D8BE73F0-991F-4429-A7EF-C73F9C3E6A9B}.Release|Any CPU.Build.0 = Release|Any CPU
		{AADBFA27-FF52-40C3-A0CB-5F3DAABBF8FD}.Debug|Any CPU.ActiveCfg = Debug|Any CPU
		{AADBFA27-FF52-40C3-A0CB-5F3DAABBF8FD}.Debug|Any CPU.Build.0 = Debug|Any CPU
		{AADBFA27-FF52-40C3-A0CB-5F3DAABBF8FD}.Release|Any CPU.ActiveCfg = Release|Any CPU
		{AADBFA27-FF52-40C3-A0CB-5F3DAABBF8FD}.Release|Any CPU.Build.0 = Release|Any CPU
		{498CC17F-8780-48DA-A1D8-C5D53846F121}.Debug|Any CPU.ActiveCfg = Debug|Any CPU
		{498CC17F-8780-48DA-A1D8-C5D53846F121}.Debug|Any CPU.Build.0 = Debug|Any CPU
		{498CC17F-8780-48DA-A1D8-C5D53846F121}.Release|Any CPU.ActiveCfg = Release|Any CPU
		{498CC17F-8780-48DA-A1D8-C5D53846F121}.Release|Any CPU.Build.0 = Release|Any CPU
		{AD300E6C-5E5D-4AA7-9D8D-9FFD2116D784}.Debug|Any CPU.ActiveCfg = Debug|Any CPU
		{AD300E6C-5E5D-4AA7-9D8D-9FFD2116D784}.Debug|Any CPU.Build.0 = Debug|Any CPU
		{AD300E6C-5E5D-4AA7-9D8D-9FFD2116D784}.Release|Any CPU.ActiveCfg = Release|Any CPU
		{AD300E6C-5E5D-4AA7-9D8D-9FFD2116D784}.Release|Any CPU.Build.0 = Release|Any CPU
		{99FA1307-967D-42DB-969F-D9080DDEE1D7}.Debug|Any CPU.ActiveCfg = Debug|Any CPU
		{99FA1307-967D-42DB-969F-D9080DDEE1D7}.Debug|Any CPU.Build.0 = Debug|Any CPU
		{99FA1307-967D-42DB-969F-D9080DDEE1D7}.Release|Any CPU.ActiveCfg = Release|Any CPU
		{99FA1307-967D-42DB-969F-D9080DDEE1D7}.Release|Any CPU.Build.0 = Release|Any CPU
		{B454FDEE-C811-485B-8A4A-E8C7E1EDB5E5}.Debug|Any CPU.ActiveCfg = Debug|Any CPU
		{B454FDEE-C811-485B-8A4A-E8C7E1EDB5E5}.Debug|Any CPU.Build.0 = Debug|Any CPU
		{B454FDEE-C811-485B-8A4A-E8C7E1EDB5E5}.Release|Any CPU.ActiveCfg = Release|Any CPU
		{B454FDEE-C811-485B-8A4A-E8C7E1EDB5E5}.Release|Any CPU.Build.0 = Release|Any CPU
		{678473A4-DCE3-4730-9E3E-429311197674}.Debug|Any CPU.ActiveCfg = Debug|Any CPU
		{678473A4-DCE3-4730-9E3E-429311197674}.Debug|Any CPU.Build.0 = Debug|Any CPU
		{678473A4-DCE3-4730-9E3E-429311197674}.Release|Any CPU.ActiveCfg = Release|Any CPU
		{678473A4-DCE3-4730-9E3E-429311197674}.Release|Any CPU.Build.0 = Release|Any CPU
		{1ABF38DD-17D8-4805-A8EF-EC3837CC7F53}.Debug|Any CPU.ActiveCfg = Debug|Any CPU
		{1ABF38DD-17D8-4805-A8EF-EC3837CC7F53}.Debug|Any CPU.Build.0 = Debug|Any CPU
		{1ABF38DD-17D8-4805-A8EF-EC3837CC7F53}.Release|Any CPU.ActiveCfg = Release|Any CPU
		{1ABF38DD-17D8-4805-A8EF-EC3837CC7F53}.Release|Any CPU.Build.0 = Release|Any CPU
		{235438D1-E1F9-4D46-8A8A-0245B596E577}.Debug|Any CPU.ActiveCfg = Debug|Any CPU
		{235438D1-E1F9-4D46-8A8A-0245B596E577}.Debug|Any CPU.Build.0 = Debug|Any CPU
		{235438D1-E1F9-4D46-8A8A-0245B596E577}.Release|Any CPU.ActiveCfg = Release|Any CPU
		{235438D1-E1F9-4D46-8A8A-0245B596E577}.Release|Any CPU.Build.0 = Release|Any CPU
		{477EC3FC-EE76-4C6A-8F54-178C3D487EBA}.Debug|Any CPU.ActiveCfg = Debug|Any CPU
		{477EC3FC-EE76-4C6A-8F54-178C3D487EBA}.Debug|Any CPU.Build.0 = Debug|Any CPU
		{477EC3FC-EE76-4C6A-8F54-178C3D487EBA}.Release|Any CPU.ActiveCfg = Release|Any CPU
		{477EC3FC-EE76-4C6A-8F54-178C3D487EBA}.Release|Any CPU.Build.0 = Release|Any CPU
		{509177D2-0CE2-4B01-A050-D0C967167D0A}.Debug|Any CPU.ActiveCfg = Debug|Any CPU
		{509177D2-0CE2-4B01-A050-D0C967167D0A}.Debug|Any CPU.Build.0 = Debug|Any CPU
		{509177D2-0CE2-4B01-A050-D0C967167D0A}.Release|Any CPU.ActiveCfg = Release|Any CPU
		{509177D2-0CE2-4B01-A050-D0C967167D0A}.Release|Any CPU.Build.0 = Release|Any CPU
		{CED55E61-B64C-4013-8C74-585E006CB6CF}.Debug|Any CPU.ActiveCfg = Debug|Any CPU
		{CED55E61-B64C-4013-8C74-585E006CB6CF}.Debug|Any CPU.Build.0 = Debug|Any CPU
		{CED55E61-B64C-4013-8C74-585E006CB6CF}.Release|Any CPU.ActiveCfg = Release|Any CPU
		{CED55E61-B64C-4013-8C74-585E006CB6CF}.Release|Any CPU.Build.0 = Release|Any CPU
		{C7AFCE6F-A257-491D-AD83-C7DF228B2818}.Debug|Any CPU.ActiveCfg = Debug|Any CPU
		{C7AFCE6F-A257-491D-AD83-C7DF228B2818}.Debug|Any CPU.Build.0 = Debug|Any CPU
		{C7AFCE6F-A257-491D-AD83-C7DF228B2818}.Release|Any CPU.ActiveCfg = Release|Any CPU
		{C7AFCE6F-A257-491D-AD83-C7DF228B2818}.Release|Any CPU.Build.0 = Release|Any CPU
		{475112F5-17C5-4A17-9ED1-4B186F8C3205}.Debug|Any CPU.ActiveCfg = Debug|Any CPU
		{475112F5-17C5-4A17-9ED1-4B186F8C3205}.Debug|Any CPU.Build.0 = Debug|Any CPU
		{475112F5-17C5-4A17-9ED1-4B186F8C3205}.Release|Any CPU.ActiveCfg = Release|Any CPU
		{475112F5-17C5-4A17-9ED1-4B186F8C3205}.Release|Any CPU.Build.0 = Release|Any CPU
		{35BBC266-B4F3-4C8E-8BCD-9C183619C8CD}.Debug|Any CPU.ActiveCfg = Debug|Any CPU
		{35BBC266-B4F3-4C8E-8BCD-9C183619C8CD}.Debug|Any CPU.Build.0 = Debug|Any CPU
		{35BBC266-B4F3-4C8E-8BCD-9C183619C8CD}.Release|Any CPU.ActiveCfg = Release|Any CPU
		{35BBC266-B4F3-4C8E-8BCD-9C183619C8CD}.Release|Any CPU.Build.0 = Release|Any CPU
		{D1326205-A6B7-4368-BD59-6FB5EDAFB97A}.Debug|Any CPU.ActiveCfg = Debug|Any CPU
		{D1326205-A6B7-4368-BD59-6FB5EDAFB97A}.Debug|Any CPU.Build.0 = Debug|Any CPU
		{D1326205-A6B7-4368-BD59-6FB5EDAFB97A}.Release|Any CPU.ActiveCfg = Release|Any CPU
		{D1326205-A6B7-4368-BD59-6FB5EDAFB97A}.Release|Any CPU.Build.0 = Release|Any CPU
		{65C59874-D76D-4ED0-A127-F166F53E183D}.Debug|Any CPU.ActiveCfg = Debug|Any CPU
		{65C59874-D76D-4ED0-A127-F166F53E183D}.Debug|Any CPU.Build.0 = Debug|Any CPU
		{65C59874-D76D-4ED0-A127-F166F53E183D}.Release|Any CPU.ActiveCfg = Release|Any CPU
		{65C59874-D76D-4ED0-A127-F166F53E183D}.Release|Any CPU.Build.0 = Release|Any CPU
	EndGlobalSection
	GlobalSection(SolutionProperties) = preSolution
		HideSolutionNode = FALSE
	EndGlobalSection
	GlobalSection(NestedProjects) = preSolution
		{AADBDD1E-AB08-4850-9375-37FEEEC0BBC1} = {1E4F6D87-3458-4FDF-8F4B-70034ED616D1}
		{5AD6F612-7BC8-414E-A39B-1FB483FE7B2E} = {7D02D500-526A-4172-A867-966002DEF25B}
		{B1A67807-066C-4CBC-A9CD-93668E7EF278} = {7D02D500-526A-4172-A867-966002DEF25B}
		{72AE79AF-1948-4D82-92E6-7A7F185EE210} = {AADBDD1E-AB08-4850-9375-37FEEEC0BBC1}
		{FCE527F8-44C5-420B-86EA-0B73AADBDF15} = {6F3271F3-C5EF-4592-B706-77622DA23D7C}
		{227A22E7-201C-4780-B27D-655052B1332E} = {6F3271F3-C5EF-4592-B706-77622DA23D7C}
		{4C7B0D4D-B9FA-4F1B-A0AB-66ACDBB21B4D} = {6F3271F3-C5EF-4592-B706-77622DA23D7C}
		{BA659393-9BEC-4FD1-95A7-00E6AB85CAD8} = {4C7B0D4D-B9FA-4F1B-A0AB-66ACDBB21B4D}
		{0938FDC0-042B-4903-AF1D-0E03326CB58C} = {6F3271F3-C5EF-4592-B706-77622DA23D7C}
		{D8BE73F0-991F-4429-A7EF-C73F9C3E6A9B} = {7D02D500-526A-4172-A867-966002DEF25B}
		{AADBFA27-FF52-40C3-A0CB-5F3DAABBF8FD} = {227A22E7-201C-4780-B27D-655052B1332E}
		{498CC17F-8780-48DA-A1D8-C5D53846F121} = {FCE527F8-44C5-420B-86EA-0B73AADBDF15}
		{AD300E6C-5E5D-4AA7-9D8D-9FFD2116D784} = {F7119FC6-E8AD-4B12-8231-00F988DBBC9A}
		{99FA1307-967D-42DB-969F-D9080DDEE1D7} = {6F3271F3-C5EF-4592-B706-77622DA23D7C}
		{B454FDEE-C811-485B-8A4A-E8C7E1EDB5E5} = {6F3271F3-C5EF-4592-B706-77622DA23D7C}
		{678473A4-DCE3-4730-9E3E-429311197674} = {F7119FC6-E8AD-4B12-8231-00F988DBBC9A}
		{1ABF38DD-17D8-4805-A8EF-EC3837CC7F53} = {AADBDD1E-AB08-4850-9375-37FEEEC0BBC1}
		{235438D1-E1F9-4D46-8A8A-0245B596E577} = {AADBDD1E-AB08-4850-9375-37FEEEC0BBC1}
		{20ED267B-6E3A-46B1-AD72-CADF042EF6FB} = {CA260BA4-ADE3-46CA-A868-2037CF45E860}
		{477EC3FC-EE76-4C6A-8F54-178C3D487EBA} = {20ED267B-6E3A-46B1-AD72-CADF042EF6FB}
		{509177D2-0CE2-4B01-A050-D0C967167D0A} = {CA260BA4-ADE3-46CA-A868-2037CF45E860}
		{CED55E61-B64C-4013-8C74-585E006CB6CF} = {20ED267B-6E3A-46B1-AD72-CADF042EF6FB}
		{C7AFCE6F-A257-491D-AD83-C7DF228B2818} = {6F3271F3-C5EF-4592-B706-77622DA23D7C}
		{87AEACCE-E687-45A3-91D5-789C848A50AF} = {CA260BA4-ADE3-46CA-A868-2037CF45E860}
		{475112F5-17C5-4A17-9ED1-4B186F8C3205} = {6F3271F3-C5EF-4592-B706-77622DA23D7C}
		{35BBC266-B4F3-4C8E-8BCD-9C183619C8CD} = {20ED267B-6E3A-46B1-AD72-CADF042EF6FB}
		{D1326205-A6B7-4368-BD59-6FB5EDAFB97A} = {F7119FC6-E8AD-4B12-8231-00F988DBBC9A}
		{65C59874-D76D-4ED0-A127-F166F53E183D} = {F7119FC6-E8AD-4B12-8231-00F988DBBC9A}
	EndGlobalSection
	GlobalSection(ExtensibilityGlobals) = postSolution
		SolutionGuid = {B792FB57-AFF7-4EED-A75A-40D36FBF70C2}
	EndGlobalSection
EndGlobal
